
Microsoft Visual Studio Solution File, Format Version 12.00
# Visual Studio Version 17
VisualStudioVersion = 17.8.34408.163
MinimumVisualStudioVersion = 10.0.40219.1
Project("{9A19103F-16F7-4668-BE54-9A1E7A4F7556}") = "NewDemo", "NewDemo\NewDemo.csproj", "{7D5AC8AE-C568-460F-B422-C71F18832136}"
EndProject
Project("{9A19103F-16F7-4668-BE54-9A1E7A4F7556}") = "Services", "Services\Services.csproj", "{9EB17029-375A-4E96-AEE0-472C36E06F53}"
EndProject
Project("{9A19103F-16F7-4668-BE54-9A1E7A4F7556}") = "Models", "Model\Models.csproj", "{67C408BF-48F1-4827-B2C5-19D0E1DF3ADA}"
EndProject
Global
	GlobalSection(SolutionConfigurationPlatforms) = preSolution
		Debug|Any CPU = Debug|Any CPU
		Release|Any CPU = Release|Any CPU
	EndGlobalSection
	GlobalSection(ProjectConfigurationPlatforms) = postSolution
		{7D5AC8AE-C568-460F-B422-C71F18832136}.Debug|Any CPU.ActiveCfg = Debug|Any CPU
		{7D5AC8AE-C568-460F-B422-C71F18832136}.Debug|Any CPU.Build.0 = Debug|Any CPU
		{7D5AC8AE-C568-460F-B422-C71F18832136}.Release|Any CPU.ActiveCfg = Release|Any CPU
		{7D5AC8AE-C568-460F-B422-C71F18832136}.Release|Any CPU.Build.0 = Release|Any CPU
		{9EB17029-375A-4E96-AEE0-472C36E06F53}.Debug|Any CPU.ActiveCfg = Debug|Any CPU
		{9EB17029-375A-4E96-AEE0-472C36E06F53}.Debug|Any CPU.Build.0 = Debug|Any CPU
		{9EB17029-375A-4E96-AEE0-472C36E06F53}.Release|Any CPU.ActiveCfg = Release|Any CPU
		{9EB17029-375A-4E96-AEE0-472C36E06F53}.Release|Any CPU.Build.0 = Release|Any CPU
		{67C408BF-48F1-4827-B2C5-19D0E1DF3ADA}.Debug|Any CPU.ActiveCfg = Debug|Any CPU
		{67C408BF-48F1-4827-B2C5-19D0E1DF3ADA}.Debug|Any CPU.Build.0 = Debug|Any CPU
		{67C408BF-48F1-4827-B2C5-19D0E1DF3ADA}.Release|Any CPU.ActiveCfg = Release|Any CPU
		{67C408BF-48F1-4827-B2C5-19D0E1DF3ADA}.Release|Any CPU.Build.0 = Release|Any CPU
	EndGlobalSection
	GlobalSection(SolutionProperties) = preSolution
		HideSolutionNode = FALSE
	EndGlobalSection
	GlobalSection(ExtensibilityGlobals) = postSolution
		SolutionGuid = {FAD249E9-C9A7-4187-B2F1-34CA92958CDB}
	EndGlobalSection
EndGlobal
